github.com/aaron-ancheta/go_tutorial/greetings v0.0.0-20240624045909-722f8f60c045 h1:bQ4pFCIECu8oe5zQYqS7pSXAgmGhNpuwvvsSZjPgdvo=
github.com/aaron-ancheta/go_tutorial/greetings v0.0.0-20240624045909-722f8f60c045/go.mod h1:2f5Cj5YURWqdagacTOm/4BPuWauSgLtFUxxl/gtmoqo=
github.com/aaron-ancheta/go_tutorial/greetings v0.0.0-20240624055207-b775c8424cdb h1:kjdR5uR/u7ts2rfFdHgmsRoFOd1uq+6M+OBmeBMTUTQ=
github.com/aaron-ancheta/go_tutorial/greetings v0.0.0-20240624055207-b775c8424cdb/go.mod h1:2f5Cj5YURWqdagacTOm/4BPuWauSgLtFUxxl/gtmoqo=
